// !$*UTF8*$!
{
	archiveVersion = 1;
	classes = {
	};
	objectVersion = 50;
	objects = {

/* Begin PBXBuildFile section */
		C85ACD6522F31818001976D1 /* AppDelegate.swift in Sources */ = {isa = PBXBuildFile; fileRef = C85ACD6422F31818001976D1 /* AppDelegate.swift */; };
		C85ACD6722F31818001976D1 /* ViewController.swift in Sources */ = {isa = PBXBuildFile; fileRef = C85ACD6622F31818001976D1 /* ViewController.swift */; };
		C85ACD6A22F31818001976D1 /* Main.storyboard in Resources */ = {isa = PBXBuildFile; fileRef = C85ACD6822F31818001976D1 /* Main.storyboard */; };
		C85ACD6D22F31818001976D1 /* DesignCodeAp.xcdatamodeld in Sources */ = {isa = PBXBuildFile; fileRef = C85ACD6B22F31818001976D1 /* DesignCodeAp.xcdatamodeld */; };
		C85ACD6F22F31819001976D1 /* Assets.xcassets in Resources */ = {isa = PBXBuildFile; fileRef = C85ACD6E22F31819001976D1 /* Assets.xcassets */; };
		C85ACD7222F31819001976D1 /* LaunchScreen.storyboard in Resources */ = {isa = PBXBuildFile; fileRef = C85ACD7022F31819001976D1 /* LaunchScreen.storyboard */; };
/* End PBXBuildFile section */

/* Begin PBXFileReference section */
		C85ACD6122F31818001976D1 /* DesignCodeAp.app */ = {isa = PBXFileReference; explicitFileType = wrapper.application; includeInIndex = 0; path = DesignCodeAp.app; sourceTree = BUILT_PRODUCTS_DIR; };
		C85ACD6422F31818001976D1 /* AppDelegate.swift */ = {isa = PBXFileReference; lastKnownFileType = sourcecode.swift; path = AppDelegate.swift; sourceTree = "<group>"; };
		C85ACD6622F31818001976D1 /* ViewController.swift */ = {isa = PBXFileReference; lastKnownFileType = sourcecode.swift; path = ViewController.swift; sourceTree = "<group>"; };
		C85ACD6922F31818001976D1 /* Base */ = {isa = PBXFileReference; lastKnownFileType = file.storyboard; name = Base; path = Base.lproj/Main.storyboard; sourceTree = "<group>"; };
		C85ACD6C22F31818001976D1 /* DesignCodeAp.xcdatamodel */ = {isa = PBXFileReference; lastKnownFileType = wrapper.xcdatamodel; path = DesignCodeAp.xcdatamodel; sourceTree = "<group>"; };
		C85ACD6E22F31819001976D1 /* Assets.xcassets */ = {isa = PBXFileReference; lastKnownFileType = folder.assetcatalog; path = Assets.xcassets; sourceTree = "<group>"; };
		C85ACD7122F31819001976D1 /* Base */ = {isa = PBXFileReference; lastKnownFileType = file.storyboard; name = Base; path = Base.lproj/LaunchScreen.storyboard; sourceTree = "<group>"; };
		C85ACD7322F31819001976D1 /* Info.plist */ = {isa = PBXFileReference; lastKnownFileType = text.plist.xml; path = Info.plist; sourceTree = "<group>"; };
/* End PBXFileReference section */

/* Begin PBXFrameworksBuildPhase section */
		C85ACD5E22F31818001976D1 /* Frameworks */ = {
			isa = PBXFrameworksBuildPhase;
			buildActionMask = 2147483647;
			files = (
			);
			runOnlyForDeploymentPostprocessing = 0;
		};
/* End PBXFrameworksBuildPhase section */

/* Begin PBXGroup section */
		C85ACD5822F31818001976D1 = {
			isa = PBXGroup;
			children = (
				C85ACD6322F31818001976D1 /* DesignCodeAp */,
				C85ACD6222F31818001976D1 /* Products */,
			);
			sourceTree = "<group>";
		};
		C85ACD6222F31818001976D1 /* Products */ = {
			isa = PBXGroup;
			children = (
				C85ACD6122F31818001976D1 /* DesignCodeAp.app */,
			);
			name = Products;
			sourceTree = "<group>";
		};
		C85ACD6322F31818001976D1 /* DesignCodeAp */ = {
			isa = PBXGroup;
			children = (
				C85ACD6422F31818001976D1 /* AppDelegate.swift */,
				C85ACD6622F31818001976D1 /* ViewController.swift */,
				C85ACD6822F31818001976D1 /* Main.storyboard */,
				C85ACD6E22F31819001976D1 /* Assets.xcassets */,
				C85ACD7022F31819001976D1 /* LaunchScreen.storyboard */,
				C85ACD7322F31819001976D1 /* Info.plist */,
				C85ACD6B22F31818001976D1 /* DesignCodeAp.xcdatamodeld */,
			);
			path = DesignCodeAp;
			sourceTree = "<group>";
		};
/* End PBXGroup section */

/* Begin PBXNativeTarget section */
		C85ACD6022F31818001976D1 /* DesignCodeAp */ = {
			isa = PBXNativeTarget;
			buildConfigurationList = C85ACD7622F3181A001976D1 /* Build configuration list for PBXNativeTarget "DesignCodeAp" */;
			buildPhases = (
				C85ACD5D22F31818001976D1 /* Sources */,
				C85ACD5E22F31818001976D1 /* Frameworks */,
				C85ACD5F22F31818001976D1 /* Resources */,
			);
			buildRules = (
			);
			dependencies = (
			);
			name = DesignCodeAp;
			productName = DesignCodeAp;
			productReference = C85ACD6122F31818001976D1 /* DesignCodeAp.app */;
			productType = "com.apple.product-type.application";
		};
/* End PBXNativeTarget section */

/* Begin PBXProject section */
		C85ACD5922F31818001976D1 /* Project object */ = {
			isa = PBXProject;
			attributes = {
				LastSwiftUpdateCheck = 1030;
				LastUpgradeCheck = 1030;
				ORGANIZATIONNAME = com.deiongeorge;
				TargetAttributes = {
					C85ACD6022F31818001976D1 = {
						CreatedOnToolsVersion = 10.3;
					};
				};
			};
			buildConfigurationList = C85ACD5C22F31818001976D1 /* Build configuration list for PBXProject "DesignCodeAp" */;
			compatibilityVersion = "Xcode 9.3";
			developmentRegion = en;
			hasScannedForEncodings = 0;
			knownRegions = (
				en,
				Base,
			);
			mainGroup = C85ACD5822F31818001976D1;
			productRefGroup = C85ACD6222F31818001976D1 /* Products */;
			projectDirPath = "";
			projectRoot = "";
			targets = (
				C85ACD6022F31818001976D1 /* DesignCodeAp */,
			);
		};
/* End PBXProject section */

/* Begin PBXResourcesBuildPhase section */
		C85ACD5F22F31818001976D1 /* Resources */ = {
			isa = PBXResourcesBuildPhase;
			buildActionMask = 2147483647;
			files = (
				C85ACD7222F31819001976D1 /* LaunchScreen.storyboard in Resources */,
				C85ACD6F22F31819001976D1 /* Assets.xcassets in Resources */,
				C85ACD6A22F31818001976D1 /* Main.storyboard in Resources */,
			);
			runOnlyForDeploymentPostprocessing = 0;
		};
/* End PBXResourcesBuildPhase section */

/* Begin PBXSourcesBuildPhase section */
		C85ACD5D22F31818001976D1 /* Sources */ = {
			isa = PBXSourcesBuildPhase;
			buildActionMask = 2147483647;
			files = (
				C85ACD6D22F31818001976D1 /* DesignCodeAp.xcdatamodeld in Sources */,
				C85ACD6722F31818001976D1 /* ViewController.swift in Sources */,
				C85ACD6522F31818001976D1 /* AppDelegate.swift in Sources */,
			);
			runOnlyForDeploymentPostprocessing = 0;
		};
/* End PBXSourcesBuildPhase section */

/* Begin PBXVariantGroup section */
		C85ACD6822F31818001976D1 /* Main.storyboard */ = {
			isa = PBXVariantGroup;
			children = (
				C85ACD6922F31818001976D1 /* Base */,
			);
			name = Main.storyboard;
			sourceTree = "<group>";
		};
		C85ACD7022F31819001976D1 /* LaunchScreen.storyboard */ = {
			isa = PBXVariantGroup;
			children = (
				C85ACD7122F31819001976D1 /* Base */,
			);
			name = LaunchScreen.storyboard;
			sourceTree = "<group>";
		};
/* End PBXVariantGroup section */

/* Begin XCBuildConfiguration section */
		C85ACD7422F3181A001976D1 /* Debug */ = {
			isa = XCBuildConfiguration;
			buildSettings = {
				ALWAYS_SEARCH_USER_PATHS = NO;
				CLANG_ANALYZER_NONNULL = YES;
				CLANG_ANALYZER_NUMBER_OBJECT_CONVERSION = YES_AGGRESSIVE;
				CLANG_CXX_LANGUAGE_STANDARD = "gnu++14";
				CLANG_CXX_LIBRARY = "libc++";
				CLANG_ENABLE_MODULES = YES;
				CLANG_ENABLE_OBJC_ARC = YES;
				CLANG_ENABLE_OBJC_WEAK = YES;
				CLANG_WARN_BLOCK_CAPTURE_AUTORELEASING = YES;
				CLANG_WARN_BOOL_CONVERSION = YES;
				CLANG_WARN_COMMA = YES;
				CLANG_WARN_CONSTANT_CONVERSION = YES;
				CLANG_WARN_DEPRECATED_OBJC_IMPLEMENTATIONS = YES;
				CLANG_WARN_DIRECT_OBJC_ISA_USAGE = YES_ERROR;
				CLANG_WARN_DOCUMENTATION_COMMENTS = YES;
				CLANG_WARN_EMPTY_BODY = YES;
				CLANG_WARN_ENUM_CONVERSION = YES;
				CLANG_WARN_INFINITE_RECURSION = YES;
				CLANG_WARN_INT_CONVERSION = YES;
				CLANG_WARN_NON_LITERAL_NULL_CONVERSION = YES;
				CLANG_WARN_OBJC_IMPLICIT_RETAIN_SELF = YES;
				CLANG_WARN_OBJC_LITERAL_CONVERSION = YES;
				CLANG_WARN_OBJC_ROOT_CLASS = YES_ERROR;
				CLANG_WARN_RANGE_LOOP_ANALYSIS = YES;
				CLANG_WARN_STRICT_PROTOTYPES = YES;
				CLANG_WARN_SUSPICIOUS_MOVE = YES;
				CLANG_WARN_UNGUARDED_AVAILABILITY = YES_AGGRESSIVE;
				CLANG_WARN_UNREACHABLE_CODE = YES;
				CLANG_WARN__DUPLICATE_METHOD_MATCH = YES;
				CODE_SIGN_IDENTITY = "iPhone Developer";
				COPY_PHASE_STRIP = NO;
				DEBUG_INFORMATION_FORMAT = dwarf;
				ENABLE_STRICT_OBJC_MSGSEND = YES;
				ENABLE_TESTABILITY = YES;
				GCC_C_LANGUAGE_STANDARD = gnu11;
				GCC_DYNAMIC_NO_PIC = NO;
				GCC_NO_COMMON_BLOCKS = YES;
				GCC_OPTIMIZATION_LEVEL = 0;
				GCC_PREPROCESSOR_DEFINITIONS = (
					"DEBUG=1",
					"$(inherited)",
				);
				GCC_WARN_64_TO_32_BIT_CONVERSION = YES;
				GCC_WARN_ABOUT_RETURN_TYPE = YES_ERROR;
				GCC_WARN_UNDECLARED_SELECTOR = YES;
				GCC_WARN_UNINITIALIZED_AUTOS = YES_AGGRESSIVE;
				GCC_WARN_UNUSED_FUNCTION = YES;
				GCC_WARN_UNUSED_VARIABLE = YES;
				IPHONEOS_DEPLOYMENT_TARGET = 12.4;
				MTL_ENABLE_DEBUG_INFO = INCLUDE_SOURCE;
				MTL_FAST_MATH = YES;
				ONLY_ACTIVE_ARCH = YES;
				SDKROOT = iphoneos;
				SWIFT_ACTIVE_COMPILATION_CONDITIONS = DEBUG;
				SWIFT_OPTIMIZATION_LEVEL = "-Onone";
			};
			name = Debug;
		};
		C85ACD7522F3181A001976D1 /* Release */ = {
			isa = XCBuildConfiguration;
			buildSettings = {
				ALWAYS_SEARCH_USER_PATHS = NO;
				CLANG_ANALYZER_NONNULL = YES;
				CLANG_ANALYZER_NUMBER_OBJECT_CONVERSION = YES_AGGRESSIVE;
				CLANG_CXX_LANGUAGE_STANDARD = "gnu++14";
				CLANG_CXX_LIBRARY = "libc++";
				CLANG_ENABLE_MODULES = YES;
				CLANG_ENABLE_OBJC_ARC = YES;
				CLANG_ENABLE_OBJC_WEAK = YES;
				CLANG_WARN_BLOCK_CAPTURE_AUTORELEASING = YES;
				CLANG_WARN_BOOL_CONVERSION = YES;
				CLANG_WARN_COMMA = YES;
				CLANG_WARN_CONSTANT_CONVERSION = YES;
				CLANG_WARN_DEPRECATED_OBJC_IMPLEMENTATIONS = YES;
				CLANG_WARN_DIRECT_OBJC_ISA_USAGE = YES_ERROR;
				CLANG_WARN_DOCUMENTATION_COMMENTS = YES;
				CLANG_WARN_EMPTY_BODY = YES;
				CLANG_WARN_ENUM_CONVERSION = YES;
				CLANG_WARN_INFINITE_RECURSION = YES;
				CLANG_WARN_INT_CONVERSION = YES;
				CLANG_WARN_NON_LITERAL_NULL_CONVERSION = YES;
				CLANG_WARN_OBJC_IMPLICIT_RETAIN_SELF = YES;
				CLANG_WARN_OBJC_LITERAL_CONVERSION = YES;
				CLANG_WARN_OBJC_ROOT_CLASS = YES_ERROR;
				CLANG_WARN_RANGE_LOOP_ANALYSIS = YES;
				CLANG_WARN_STRICT_PROTOTYPES = YES;
				CLANG_WARN_SUSPICIOUS_MOVE = YES;
				CLANG_WARN_UNGUARDED_AVAILABILITY = YES_AGGRESSIVE;
				CLANG_WARN_UNREACHABLE_CODE = YES;
				CLANG_WARN__DUPLICATE_METHOD_MATCH = YES;
				CODE_SIGN_IDENTITY = "iPhone Developer";
				COPY_PHASE_STRIP = NO;
				DEBUG_INFORMATION_FORMAT = "dwarf-with-dsym";
				ENABLE_NS_ASSERTIONS = NO;
				ENABLE_STRICT_OBJC_MSGSEND = YES;
				GCC_C_LANGUAGE_STANDARD = gnu11;
				GCC_NO_COMMON_BLOCKS = YES;
				GCC_WARN_64_TO_32_BIT_CONVERSION = YES;
				GCC_WARN_ABOUT_RETURN_TYPE = YES_ERROR;
				GCC_WARN_UNDECLARED_SELECTOR = YES;
				GCC_WARN_UNINITIALIZED_AUTOS = YES_AGGRESSIVE;
				GCC_WARN_UNUSED_FUNCTION = YES;
				GCC_WARN_UNUSED_VARIABLE = YES;
				IPHONEOS_DEPLOYMENT_TARGET = 12.4;
				MTL_ENABLE_DEBUG_INFO = NO;
				MTL_FAST_MATH = YES;
				SDKROOT = iphoneos;
				SWIFT_COMPILATION_MODE = wholemodule;
				SWIFT_OPTIMIZATION_LEVEL = "-O";
				VALIDATE_PRODUCT = YES;
			};
			name = Release;
		};
		C85ACD7722F3181A001976D1 /* Debug */ = {
			isa = XCBuildConfiguration;
			buildSettings = {
				ASSETCATALOG_COMPILER_APPICON_NAME = AppIcon;
				CODE_SIGN_STYLE = Automatic;
				DEVELOPMENT_TEAM = XPEUR2JB98;
				INFOPLIST_FILE = DesignCodeAp/Info.plist;
				IPHONEOS_DEPLOYMENT_TARGET = 11.1;
				LD_RUNPATH_SEARCH_PATHS = (
					"$(inherited)",
					"@executable_path/Frameworks",
				);
				PRODUCT_BUNDLE_IDENTIFIER = com.deiongeorge.DesignCodeAp;
				PRODUCT_NAME = "$(TARGET_NAME)";
				SWIFT_VERSION = 5.0;
				TARGETED_DEVICE_FAMILY = "1,2";
			};
			name = Debug;
		};
		C85ACD7822F3181A001976D1 /* Release */ = {
			isa = XCBuildConfiguration;
			buildSettings = {
				ASSETCATALOG_COMPILER_APPICON_NAME = AppIcon;
				CODE_SIGN_STYLE = Automatic;
				DEVELOPMENT_TEAM = XPEUR2JB98;
				INFOPLIST_FILE = DesignCodeAp/Info.plist;
				IPHONEOS_DEPLOYMENT_TARGET = 11.1;
				LD_RUNPATH_SEARCH_PATHS = (
					"$(inherited)",
					"@executable_path/Frameworks",
				);
				PRODUCT_BUNDLE_IDENTIFIER = com.deiongeorge.DesignCodeAp;
				PRODUCT_NAME = "$(TARGET_NAME)";
				SWIFT_VERSION = 5.0;
				TARGETED_DEVICE_FAMILY = "1,2";
			};
			name = Release;
		};
/* End XCBuildConfiguration section */

/* Begin XCConfigurationList section */
		C85ACD5C22F31818001976D1 /* Build configuration list for PBXProject "DesignCodeAp" */ = {
			isa = XCConfigurationList;
			buildConfigurations = (
				C85ACD7422F3181A001976D1 /* Debug */,
				C85ACD7522F3181A001976D1 /* Release */,
			);
			defaultConfigurationIsVisible = 0;
			defaultConfigurationName = Release;
		};
		C85ACD7622F3181A001976D1 /* Build configuration list for PBXNativeTarget "DesignCodeAp" */ = {
			isa = XCConfigurationList;
			buildConfigurations = (
				C85ACD7722F3181A001976D1 /* Debug */,
				C85ACD7822F3181A001976D1 /* Release */,
			);
			defaultConfigurationIsVisible = 0;
			defaultConfigurationName = Release;
		};
/* End XCConfigurationList section */

/* Begin XCVersionGroup section */
		C85ACD6B22F31818001976D1 /* DesignCodeAp.xcdatamodeld */ = {
			isa = XCVersionGroup;
			children = (
				C85ACD6C22F31818001976D1 /* DesignCodeAp.xcdatamodel */,
			);
			currentVersion = C85ACD6C22F31818001976D1 /* DesignCodeAp.xcdatamodel */;
			path = DesignCodeAp.xcdatamodeld;
			sourceTree = "<group>";
			versionGroupType = wrapper.xcdatamodel;
		};
/* End XCVersionGroup section */
	};
	rootObject = C85ACD5922F31818001976D1 /* Project object */;
}
